
Microsoft Visual Studio Solution File, Format Version 12.00
# Visual Studio Version 17
VisualStudioVersion = 17.4.33213.308
MinimumVisualStudioVersion = 10.0.40219.1
Project("{FAE04EC0-301F-11D3-BF4B-00C04F79EFBC}") = "OnlySkyboxHubert", "OnlySkyboxHubert\OnlySkyboxHubert.csproj", "{4DE98DE7-9EAC-4830-9D65-7E8C92CEA9AA}"
EndProject
Global
	GlobalSection(SolutionConfigurationPlatforms) = preSolution
		Debug|Any CPU = Debug|Any CPU
		Release|Any CPU = Release|Any CPU
	EndGlobalSection
	GlobalSection(ProjectConfigurationPlatforms) = postSolution
		{4DE98DE7-9EAC-4830-9D65-7E8C92CEA9AA}.Debug|Any CPU.ActiveCfg = Debug|Any CPU
		{4DE98DE7-9EAC-4830-9D65-7E8C92CEA9AA}.Debug|Any CPU.Build.0 = Debug|Any CPU
		{4DE98DE7-9EAC-4830-9D65-7E8C92CEA9AA}.Release|Any CPU.ActiveCfg = Release|Any CPU
		{4DE98DE7-9EAC-4830-9D65-7E8C92CEA9AA}.Release|Any CPU.Build.0 = Release|Any CPU
	EndGlobalSection
	GlobalSection(SolutionProperties) = preSolution
		HideSolutionNode = FALSE
	EndGlobalSection
	GlobalSection(ExtensibilityGlobals) = postSolution
		SolutionGuid = {72BF6F8B-FF54-4A09-AEC6-C1F9A97E53EC}
	EndGlobalSection
EndGlobal
